
Microsoft Visual Studio Solution File, Format Version 12.00
# Visual Studio 2013
VisualStudioVersion = 12.0.30501.0
MinimumVisualStudioVersion = 10.0.40219.1
Project("{FAE04EC0-301F-11D3-BF4B-00C04F79EFBC}") = "OrthancService", "OrthancService\OrthancService.csproj", "{FB1F7862-A52D-4565-A745-FC71E30324A1}"
EndProject
Project("{FAE04EC0-301F-11D3-BF4B-00C04F79EFBC}") = "ConfigurationFileWriter", "ConfigurationFileWriter\ConfigurationFileWriter.csproj", "{C2050232-401A-45BD-A368-830689B82719}"
EndProject
Project("{2150E333-8FDC-42A3-9474-1A3956D46DE8}") = "Files", "Files", "{2C932CE6-637D-4F6D-9652-AF3923B9B461}"
	ProjectSection(SolutionItems) = preProject
		OrthancService\LICENSE = OrthancService\LICENSE
		README.md = README.md
	EndProjectSection
EndProject
Project("{FAE04EC0-301F-11D3-BF4B-00C04F79EFBC}") = "OrthancInstaller", "OrthancInstaller\OrthancInstaller.csproj", "{46CB448A-8C71-4409-93BA-1C4F5AAC50E5}"
	ProjectSection(ProjectDependencies) = postProject
		{C2050232-401A-45BD-A368-830689B82719} = {C2050232-401A-45BD-A368-830689B82719}
		{FB1F7862-A52D-4565-A745-FC71E30324A1} = {FB1F7862-A52D-4565-A745-FC71E30324A1}
	EndProjectSection
EndProject
Project("{2150E333-8FDC-42A3-9474-1A3956D46DE8}") = "InstallerAssets", "InstallerAssets", "{5DB5B378-6A96-4B7A-A08A-FF53ED959378}"
	ProjectSection(SolutionItems) = preProject
		InstallerAssets\README.txt = InstallerAssets\README.txt
	EndProjectSection
EndProject
Global
	GlobalSection(SolutionConfigurationPlatforms) = preSolution
		Debug|Any CPU = Debug|Any CPU
		Release|Any CPU = Release|Any CPU
	EndGlobalSection
	GlobalSection(ProjectConfigurationPlatforms) = postSolution
		{FB1F7862-A52D-4565-A745-FC71E30324A1}.Debug|Any CPU.ActiveCfg = Debug|Any CPU
		{FB1F7862-A52D-4565-A745-FC71E30324A1}.Debug|Any CPU.Build.0 = Debug|Any CPU
		{FB1F7862-A52D-4565-A745-FC71E30324A1}.Release|Any CPU.ActiveCfg = Release|Any CPU
		{FB1F7862-A52D-4565-A745-FC71E30324A1}.Release|Any CPU.Build.0 = Release|Any CPU
		{C2050232-401A-45BD-A368-830689B82719}.Debug|Any CPU.ActiveCfg = Debug|Any CPU
		{C2050232-401A-45BD-A368-830689B82719}.Debug|Any CPU.Build.0 = Debug|Any CPU
		{C2050232-401A-45BD-A368-830689B82719}.Release|Any CPU.ActiveCfg = Release|Any CPU
		{C2050232-401A-45BD-A368-830689B82719}.Release|Any CPU.Build.0 = Release|Any CPU
		{46CB448A-8C71-4409-93BA-1C4F5AAC50E5}.Debug|Any CPU.ActiveCfg = Debug|Any CPU
		{46CB448A-8C71-4409-93BA-1C4F5AAC50E5}.Debug|Any CPU.Build.0 = Debug|Any CPU
		{46CB448A-8C71-4409-93BA-1C4F5AAC50E5}.Release|Any CPU.ActiveCfg = Release|Any CPU
		{46CB448A-8C71-4409-93BA-1C4F5AAC50E5}.Release|Any CPU.Build.0 = Release|Any CPU
	EndGlobalSection
	GlobalSection(SolutionProperties) = preSolution
		HideSolutionNode = FALSE
	EndGlobalSection
EndGlobal
